
Microsoft Visual Studio Solution File, Format Version 12.00
# Visual Studio Version 17
VisualStudioVersion = 17.5.33516.290
MinimumVisualStudioVersion = 10.0.40219.1
Project("{FAE04EC0-301F-11D3-BF4B-00C04F79EFBC}") = "MagicMart", "MagicMart\MagicMart.csproj", "{23988BEB-0514-4358-859B-01022C3BF1E4}"
EndProject
Global
	GlobalSection(SolutionConfigurationPlatforms) = preSolution
		Debug|Any CPU = Debug|Any CPU
		Release|Any CPU = Release|Any CPU
	EndGlobalSection
	GlobalSection(ProjectConfigurationPlatforms) = postSolution
		{23988BEB-0514-4358-859B-01022C3BF1E4}.Debug|Any CPU.ActiveCfg = Debug|Any CPU
		{23988BEB-0514-4358-859B-01022C3BF1E4}.Debug|Any CPU.Build.0 = Debug|Any CPU
		{23988BEB-0514-4358-859B-01022C3BF1E4}.Release|Any CPU.ActiveCfg = Release|Any CPU
		{23988BEB-0514-4358-859B-01022C3BF1E4}.Release|Any CPU.Build.0 = Release|Any CPU
	EndGlobalSection
	GlobalSection(SolutionProperties) = preSolution
		HideSolutionNode = FALSE
	EndGlobalSection
	GlobalSection(ExtensibilityGlobals) = postSolution
		SolutionGuid = {7B660A67-9AE5-4A08-9210-A3A98063C260}
	EndGlobalSection
EndGlobal
